
Microsoft Visual Studio Solution File, Format Version 12.00
Project("{FAE04EC0-301F-11D3-BF4B-00C04F79EFBC}") = "EventManager", "EventManager\EventManager.csproj", "{CBBCA243-0A8A-42C6-A0B1-3B8D224E928A}"
EndProject
Global
	GlobalSection(SolutionConfigurationPlatforms) = preSolution
		Debug|Any CPU = Debug|Any CPU
		Release|Any CPU = Release|Any CPU
	EndGlobalSection
	GlobalSection(ProjectConfigurationPlatforms) = postSolution
		{CBBCA243-0A8A-42C6-A0B1-3B8D224E928A}.Debug|Any CPU.ActiveCfg = Debug|Any CPU
		{CBBCA243-0A8A-42C6-A0B1-3B8D224E928A}.Debug|Any CPU.Build.0 = Debug|Any CPU
		{CBBCA243-0A8A-42C6-A0B1-3B8D224E928A}.Release|Any CPU.ActiveCfg = Release|Any CPU
		{CBBCA243-0A8A-42C6-A0B1-3B8D224E928A}.Release|Any CPU.Build.0 = Release|Any CPU
	EndGlobalSection
EndGlobal
